
Microsoft Visual Studio Solution File, Format Version 12.00
# Visual Studio Version 16
VisualStudioVersion = 16.0.34114.132
MinimumVisualStudioVersion = 10.0.40219.1
Project("{9A19103F-16F7-4668-BE54-9A1E7A4F7556}") = "EO1BOA_HFT_2023241.Client", "EO1BOA_HFT_2023241.Client\EO1BOA_HFT_2023241.Client.csproj", "{419DD17F-5B64-4621-A3A1-E78D29277412}"
EndProject
Project("{9A19103F-16F7-4668-BE54-9A1E7A4F7556}") = "EO1BOA_HFT_2023241.Models", "EO1BOA_HFT_2023241.Models\EO1BOA_HFT_2023241.Models.csproj", "{1B4DB011-3605-4697-87CD-566119771C82}"
EndProject
Project("{9A19103F-16F7-4668-BE54-9A1E7A4F7556}") = "EO1BOA_HFT_2023241.Logic", "EO1BOA_HFT_2023241.Logic\EO1BOA_HFT_2023241.Logic.csproj", "{1195B542-42E2-4E8D-8994-A5FB64C5A6B1}"
EndProject
Project("{9A19103F-16F7-4668-BE54-9A1E7A4F7556}") = "EO1BOA_HFT_2023241.Repository", "EO1BOA_HFT_2023241.Repository\EO1BOA_HFT_2023241.Repository.csproj", "{257E327D-00DB-44B3-9169-965518DFBD96}"
EndProject
Project("{9A19103F-16F7-4668-BE54-9A1E7A4F7556}") = "EO1BOA_HFT_2023241.Endpoint", "EO1BOA_HFT_2023241.Endpoint\EO1BOA_HFT_2023241.Endpoint.csproj", "{67AE3B06-1DF3-489E-94EB-2CD1AB97984F}"
EndProject
Project("{9A19103F-16F7-4668-BE54-9A1E7A4F7556}") = "EO1BOA_HFT_2023241.Test", "EO1BOA_HFT_2023241.Test\EO1BOA_HFT_2023241.Test.csproj", "{55D50A95-9189-4F21-A53A-6D78FB95126E}"
EndProject
Project("{2150E333-8FDC-42A3-9474-1A3956D46DE8}") = "Backend", "Backend", "{C945016C-0552-462E-86CC-98EED0783A55}"
EndProject
Project("{2150E333-8FDC-42A3-9474-1A3956D46DE8}") = "Frontend", "Frontend", "{977AB5AC-8690-4E15-A8A6-5E5F7E8033BC}"
EndProject
Project("{2150E333-8FDC-42A3-9474-1A3956D46DE8}") = "Shared", "Shared", "{B8973BE2-E8A1-411B-B9AC-18633B0D0DF5}"
EndProject
Project("{2150E333-8FDC-42A3-9474-1A3956D46DE8}") = "Solution Items", "Solution Items", "{8B76BDBC-0760-4327-8D73-91A3B7D24572}"
	ProjectSection(SolutionItems) = preProject
		.gitignore = .gitignore
	EndProjectSection
EndProject
Global
	GlobalSection(SolutionConfigurationPlatforms) = preSolution
		Debug|Any CPU = Debug|Any CPU
		Release|Any CPU = Release|Any CPU
	EndGlobalSection
	GlobalSection(ProjectConfigurationPlatforms) = postSolution
		{419DD17F-5B64-4621-A3A1-E78D29277412}.Debug|Any CPU.ActiveCfg = Debug|Any CPU
		{419DD17F-5B64-4621-A3A1-E78D29277412}.Debug|Any CPU.Build.0 = Debug|Any CPU
		{419DD17F-5B64-4621-A3A1-E78D29277412}.Release|Any CPU.ActiveCfg = Release|Any CPU
		{419DD17F-5B64-4621-A3A1-E78D29277412}.Release|Any CPU.Build.0 = Release|Any CPU
		{1B4DB011-3605-4697-87CD-566119771C82}.Debug|Any CPU.ActiveCfg = Debug|Any CPU
		{1B4DB011-3605-4697-87CD-566119771C82}.Debug|Any CPU.Build.0 = Debug|Any CPU
		{1B4DB011-3605-4697-87CD-566119771C82}.Release|Any CPU.ActiveCfg = Release|Any CPU
		{1B4DB011-3605-4697-87CD-566119771C82}.Release|Any CPU.Build.0 = Release|Any CPU
		{1195B542-42E2-4E8D-8994-A5FB64C5A6B1}.Debug|Any CPU.ActiveCfg = Debug|Any CPU
		{1195B542-42E2-4E8D-8994-A5FB64C5A6B1}.Debug|Any CPU.Build.0 = Debug|Any CPU
		{1195B542-42E2-4E8D-8994-A5FB64C5A6B1}.Release|Any CPU.ActiveCfg = Release|Any CPU
		{1195B542-42E2-4E8D-8994-A5FB64C5A6B1}.Release|Any CPU.Build.0 = Release|Any CPU
		{257E327D-00DB-44B3-9169-965518DFBD96}.Debug|Any CPU.ActiveCfg = Debug|Any CPU
		{257E327D-00DB-44B3-9169-965518DFBD96}.Debug|Any CPU.Build.0 = Debug|Any CPU
		{257E327D-00DB-44B3-9169-965518DFBD96}.Release|Any CPU.ActiveCfg = Release|Any CPU
		{257E327D-00DB-44B3-9169-965518DFBD96}.Release|Any CPU.Build.0 = Release|Any CPU
		{67AE3B06-1DF3-489E-94EB-2CD1AB97984F}.Debug|Any CPU.ActiveCfg = Debug|Any CPU
		{67AE3B06-1DF3-489E-94EB-2CD1AB97984F}.Debug|Any CPU.Build.0 = Debug|Any CPU
		{67AE3B06-1DF3-489E-94EB-2CD1AB97984F}.Release|Any CPU.ActiveCfg = Release|Any CPU
		{67AE3B06-1DF3-489E-94EB-2CD1AB97984F}.Release|Any CPU.Build.0 = Release|Any CPU
		{55D50A95-9189-4F21-A53A-6D78FB95126E}.Debug|Any CPU.ActiveCfg = Debug|Any CPU
		{55D50A95-9189-4F21-A53A-6D78FB95126E}.Debug|Any CPU.Build.0 = Debug|Any CPU
		{55D50A95-9189-4F21-A53A-6D78FB95126E}.Release|Any CPU.ActiveCfg = Release|Any CPU
		{55D50A95-9189-4F21-A53A-6D78FB95126E}.Release|Any CPU.Build.0 = Release|Any CPU
	EndGlobalSection
	GlobalSection(SolutionProperties) = preSolution
		HideSolutionNode = FALSE
	EndGlobalSection
	GlobalSection(NestedProjects) = preSolution
		{419DD17F-5B64-4621-A3A1-E78D29277412} = {977AB5AC-8690-4E15-A8A6-5E5F7E8033BC}
		{1B4DB011-3605-4697-87CD-566119771C82} = {B8973BE2-E8A1-411B-B9AC-18633B0D0DF5}
		{1195B542-42E2-4E8D-8994-A5FB64C5A6B1} = {C945016C-0552-462E-86CC-98EED0783A55}
		{257E327D-00DB-44B3-9169-965518DFBD96} = {C945016C-0552-462E-86CC-98EED0783A55}
		{67AE3B06-1DF3-489E-94EB-2CD1AB97984F} = {C945016C-0552-462E-86CC-98EED0783A55}
		{55D50A95-9189-4F21-A53A-6D78FB95126E} = {C945016C-0552-462E-86CC-98EED0783A55}
	EndGlobalSection
	GlobalSection(ExtensibilityGlobals) = postSolution
		SolutionGuid = {A0DF7CA7-AA5C-4958-8C81-10030AE2E092}
	EndGlobalSection
EndGlobal
